
Microsoft Visual Studio Solution File, Format Version 12.00
# Visual Studio Version 16
VisualStudioVersion = 16.0.30320.27
MinimumVisualStudioVersion = 10.0.40219.1
Project("{FAE04EC0-301F-11D3-BF4B-00C04F79EFBC}") = "PERPUSTAKAAN", "PERPUSTAKAAN\PERPUSTAKAAN.csproj", "{88C4907E-EB77-4D41-9714-ACE68E8CB393}"
EndProject
Global
	GlobalSection(SolutionConfigurationPlatforms) = preSolution
		Debug|Any CPU = Debug|Any CPU
		Release|Any CPU = Release|Any CPU
	EndGlobalSection
	GlobalSection(ProjectConfigurationPlatforms) = postSolution
		{88C4907E-EB77-4D41-9714-ACE68E8CB393}.Debug|Any CPU.ActiveCfg = Debug|Any CPU
		{88C4907E-EB77-4D41-9714-ACE68E8CB393}.Debug|Any CPU.Build.0 = Debug|Any CPU
		{88C4907E-EB77-4D41-9714-ACE68E8CB393}.Release|Any CPU.ActiveCfg = Release|Any CPU
		{88C4907E-EB77-4D41-9714-ACE68E8CB393}.Release|Any CPU.Build.0 = Release|Any CPU
	EndGlobalSection
	GlobalSection(SolutionProperties) = preSolution
		HideSolutionNode = FALSE
	EndGlobalSection
	GlobalSection(ExtensibilityGlobals) = postSolution
		SolutionGuid = {0928BF8F-FF0F-405F-9D92-9AF6ABA34427}
	EndGlobalSection
EndGlobal
